
Microsoft Visual Studio Solution File, Format Version 12.00
# Visual Studio Version 17
VisualStudioVersion = 17.5.33424.131
MinimumVisualStudioVersion = 10.0.40219.1
Project("{FAE04EC0-301F-11D3-BF4B-00C04F79EFBC}") = "MIA", "MIA\MIA.csproj", "{579C6030-3C85-41EB-8902-0BDE48EFD254}"
EndProject
Global
	GlobalSection(SolutionConfigurationPlatforms) = preSolution
		Debug|Any CPU = Debug|Any CPU
		Release|Any CPU = Release|Any CPU
	EndGlobalSection
	GlobalSection(ProjectConfigurationPlatforms) = postSolution
		{579C6030-3C85-41EB-8902-0BDE48EFD254}.Debug|Any CPU.ActiveCfg = Debug|Any CPU
		{579C6030-3C85-41EB-8902-0BDE48EFD254}.Debug|Any CPU.Build.0 = Debug|Any CPU
		{579C6030-3C85-41EB-8902-0BDE48EFD254}.Release|Any CPU.ActiveCfg = Release|Any CPU
		{579C6030-3C85-41EB-8902-0BDE48EFD254}.Release|Any CPU.Build.0 = Release|Any CPU
	EndGlobalSection
	GlobalSection(SolutionProperties) = preSolution
		HideSolutionNode = FALSE
	EndGlobalSection
	GlobalSection(ExtensibilityGlobals) = postSolution
		SolutionGuid = {FD89D6FB-487D-43C2-92C1-6CF15A40943D}
	EndGlobalSection
EndGlobal
